
Microsoft Visual Studio Solution File, Format Version 12.00
# Visual Studio 15
VisualStudioVersion = 15.0.27130.2010
MinimumVisualStudioVersion = 10.0.40219.1
Project("{FAE04EC0-301F-11D3-BF4B-00C04F79EFBC}") = "poc-api", "poc-api\poc-api.csproj", "{AB127F85-C354-4BF7-AAEC-7CB772C1FB57}"
EndProject
Global
	GlobalSection(SolutionConfigurationPlatforms) = preSolution
		Debug|Any CPU = Debug|Any CPU
		Release|Any CPU = Release|Any CPU
	EndGlobalSection
	GlobalSection(ProjectConfigurationPlatforms) = postSolution
		{AB127F85-C354-4BF7-AAEC-7CB772C1FB57}.Debug|Any CPU.ActiveCfg = Debug|Any CPU
		{AB127F85-C354-4BF7-AAEC-7CB772C1FB57}.Debug|Any CPU.Build.0 = Debug|Any CPU
		{AB127F85-C354-4BF7-AAEC-7CB772C1FB57}.Release|Any CPU.ActiveCfg = Release|Any CPU
		{AB127F85-C354-4BF7-AAEC-7CB772C1FB57}.Release|Any CPU.Build.0 = Release|Any CPU
	EndGlobalSection
	GlobalSection(SolutionProperties) = preSolution
		HideSolutionNode = FALSE
	EndGlobalSection
	GlobalSection(ExtensibilityGlobals) = postSolution
		SolutionGuid = {BB1F3C94-8C83-4141-BE94-369ABEAE8ED6}
	EndGlobalSection
EndGlobal
